
Microsoft Visual Studio Solution File, Format Version 12.00
# Visual Studio 15
VisualStudioVersion = 15.0.28010.2036
MinimumVisualStudioVersion = 10.0.40219.1
Project("{FAE04EC0-301F-11D3-BF4B-00C04F79EFBC}") = "ASP.NETCore2.1_Angular7", "ASP.NETCore2.1_Angular7\ASP.NETCore2.1_Angular7.csproj", "{FD37313E-B176-4F4D-8744-7AFC19BACBB4}"
EndProject
Global
	GlobalSection(SolutionConfigurationPlatforms) = preSolution
		Debug|Any CPU = Debug|Any CPU
		Release|Any CPU = Release|Any CPU
	EndGlobalSection
	GlobalSection(ProjectConfigurationPlatforms) = postSolution
		{FD37313E-B176-4F4D-8744-7AFC19BACBB4}.Debug|Any CPU.ActiveCfg = Debug|Any CPU
		{FD37313E-B176-4F4D-8744-7AFC19BACBB4}.Debug|Any CPU.Build.0 = Debug|Any CPU
		{FD37313E-B176-4F4D-8744-7AFC19BACBB4}.Release|Any CPU.ActiveCfg = Release|Any CPU
		{FD37313E-B176-4F4D-8744-7AFC19BACBB4}.Release|Any CPU.Build.0 = Release|Any CPU
	EndGlobalSection
	GlobalSection(SolutionProperties) = preSolution
		HideSolutionNode = FALSE
	EndGlobalSection
	GlobalSection(ExtensibilityGlobals) = postSolution
		SolutionGuid = {E13A37BA-6FFC-4DC3-A99C-F171A61A0FB9}
	EndGlobalSection
EndGlobal
